
Microsoft Visual Studio Solution File, Format Version 12.00
# Visual Studio 14
VisualStudioVersion = 14.0.25420.1
MinimumVisualStudioVersion = 10.0.40219.1
Project("{FAE04EC0-301F-11D3-BF4B-00C04F79EFBC}") = "Hello_Name", "Hello_Name\Hello_Name.csproj", "{B188FD6D-BDDE-4B6D-930A-6A7BE47193A4}"
EndProject
Project("{FAE04EC0-301F-11D3-BF4B-00C04F79EFBC}") = "Max_Method", "Max_Method\Max_Method.csproj", "{0CB7E7BE-F1E9-4A8C-83C5-B9E9A36507C7}"
EndProject
Project("{FAE04EC0-301F-11D3-BF4B-00C04F79EFBC}") = "English_Name_of_Last_Digit", "English_Name_of_Last_Digit\English_Name_of_Last_Digit.csproj", "{97CED95C-CBB3-4C6C-919B-AA70BBCB8361}"
EndProject
Project("{FAE04EC0-301F-11D3-BF4B-00C04F79EFBC}") = "Numbers_in_Reversed_Order", "Numbers_in_Reversed_Order\Numbers_in_Reversed_Order.csproj", "{70AEA0C6-AE5E-49BD-B830-73A0A83D1CAD}"
EndProject
Project("{FAE04EC0-301F-11D3-BF4B-00C04F79EFBC}") = "Fibonacci_Numbers", "Fibonacci_Numbers\Fibonacci_Numbers.csproj", "{F216FDA1-5CEC-4CDF-983E-F1A2E3E241A6}"
EndProject
Project("{FAE04EC0-301F-11D3-BF4B-00C04F79EFBC}") = "Prime_Checker", "Prime_Checker\Prime_Checker.csproj", "{CA77EC36-F0D7-4CAD-8E4A-39DFF3DC9F65}"
EndProject
Project("{FAE04EC0-301F-11D3-BF4B-00C04F79EFBC}") = "Primes_in_Given_Range", "Primes_in_Given_Range\Primes_in_Given_Range.csproj", "{DE78E815-8321-4322-87A1-317DEF3641A0}"
EndProject
Project("{FAE04EC0-301F-11D3-BF4B-00C04F79EFBC}") = "Center_Point", "Center_Point\Center_Point.csproj", "{6FE9D559-8323-4639-9C6E-7E48B141DF42}"
EndProject
Project("{FAE04EC0-301F-11D3-BF4B-00C04F79EFBC}") = "Cube_Properties", "Cube_Properties\Cube_Properties.csproj", "{2E881887-4254-43C3-876A-1A27632F9019}"
EndProject
Project("{FAE04EC0-301F-11D3-BF4B-00C04F79EFBC}") = "Geometry_Calculator", "Geometry_Calculator\Geometry_Calculator.csproj", "{B8B12FC2-D715-49F5-B17A-7404A38D2041}"
EndProject
Project("{FAE04EC0-301F-11D3-BF4B-00C04F79EFBC}") = "Master_Number", "Master_Number\Master_Number.csproj", "{4D4827EA-D628-466E-AE63-3DBFB1D6F4D5}"
EndProject
Project("{FAE04EC0-301F-11D3-BF4B-00C04F79EFBC}") = "Factorial", "Factorial\Factorial.csproj", "{C5757896-932A-4612-B736-31EA437F91C4}"
EndProject
Project("{FAE04EC0-301F-11D3-BF4B-00C04F79EFBC}") = "Factorial_Trailing_Zeroes", "Factorial_Trailing_Zeroes\Factorial_Trailing_Zeroes.csproj", "{9C89EE2F-4C43-4161-9C1F-8A901FC6494F}"
EndProject
Project("{FAE04EC0-301F-11D3-BF4B-00C04F79EFBC}") = "Longer_Line", "Longer_Line\Longer_Line.csproj", "{90BED2C6-AF5C-480E-AC9C-7C45166628FC}"
EndProject
Global
	GlobalSection(SolutionConfigurationPlatforms) = preSolution
		Debug|Any CPU = Debug|Any CPU
		Release|Any CPU = Release|Any CPU
	EndGlobalSection
	GlobalSection(ProjectConfigurationPlatforms) = postSolution
		{B188FD6D-BDDE-4B6D-930A-6A7BE47193A4}.Debug|Any CPU.ActiveCfg = Debug|Any CPU
		{B188FD6D-BDDE-4B6D-930A-6A7BE47193A4}.Debug|Any CPU.Build.0 = Debug|Any CPU
		{B188FD6D-BDDE-4B6D-930A-6A7BE47193A4}.Release|Any CPU.ActiveCfg = Release|Any CPU
		{B188FD6D-BDDE-4B6D-930A-6A7BE47193A4}.Release|Any CPU.Build.0 = Release|Any CPU
		{0CB7E7BE-F1E9-4A8C-83C5-B9E9A36507C7}.Debug|Any CPU.ActiveCfg = Debug|Any CPU
		{0CB7E7BE-F1E9-4A8C-83C5-B9E9A36507C7}.Debug|Any CPU.Build.0 = Debug|Any CPU
		{0CB7E7BE-F1E9-4A8C-83C5-B9E9A36507C7}.Release|Any CPU.ActiveCfg = Release|Any CPU
		{0CB7E7BE-F1E9-4A8C-83C5-B9E9A36507C7}.Release|Any CPU.Build.0 = Release|Any CPU
		{97CED95C-CBB3-4C6C-919B-AA70BBCB8361}.Debug|Any CPU.ActiveCfg = Debug|Any CPU
		{97CED95C-CBB3-4C6C-919B-AA70BBCB8361}.Debug|Any CPU.Build.0 = Debug|Any CPU
		{97CED95C-CBB3-4C6C-919B-AA70BBCB8361}.Release|Any CPU.ActiveCfg = Release|Any CPU
		{97CED95C-CBB3-4C6C-919B-AA70BBCB8361}.Release|Any CPU.Build.0 = Release|Any CPU
		{70AEA0C6-AE5E-49BD-B830-73A0A83D1CAD}.Debug|Any CPU.ActiveCfg = Debug|Any CPU
		{70AEA0C6-AE5E-49BD-B830-73A0A83D1CAD}.Debug|Any CPU.Build.0 = Debug|Any CPU
		{70AEA0C6-AE5E-49BD-B830-73A0A83D1CAD}.Release|Any CPU.ActiveCfg = Release|Any CPU
		{70AEA0C6-AE5E-49BD-B830-73A0A83D1CAD}.Release|Any CPU.Build.0 = Release|Any CPU
		{F216FDA1-5CEC-4CDF-983E-F1A2E3E241A6}.Debug|Any CPU.ActiveCfg = Debug|Any CPU
		{F216FDA1-5CEC-4CDF-983E-F1A2E3E241A6}.Debug|Any CPU.Build.0 = Debug|Any CPU
		{F216FDA1-5CEC-4CDF-983E-F1A2E3E241A6}.Release|Any CPU.ActiveCfg = Release|Any CPU
		{F216FDA1-5CEC-4CDF-983E-F1A2E3E241A6}.Release|Any CPU.Build.0 = Release|Any CPU
		{CA77EC36-F0D7-4CAD-8E4A-39DFF3DC9F65}.Debug|Any CPU.ActiveCfg = Debug|Any CPU
		{CA77EC36-F0D7-4CAD-8E4A-39DFF3DC9F65}.Debug|Any CPU.Build.0 = Debug|Any CPU
		{CA77EC36-F0D7-4CAD-8E4A-39DFF3DC9F65}.Release|Any CPU.ActiveCfg = Release|Any CPU
		{CA77EC36-F0D7-4CAD-8E4A-39DFF3DC9F65}.Release|Any CPU.Build.0 = Release|Any CPU
		{DE78E815-8321-4322-87A1-317DEF3641A0}.Debug|Any CPU.ActiveCfg = Debug|Any CPU
		{DE78E815-8321-4322-87A1-317DEF3641A0}.Debug|Any CPU.Build.0 = Debug|Any CPU
		{DE78E815-8321-4322-87A1-317DEF3641A0}.Release|Any CPU.ActiveCfg = Release|Any CPU
		{DE78E815-8321-4322-87A1-317DEF3641A0}.Release|Any CPU.Build.0 = Release|Any CPU
		{6FE9D559-8323-4639-9C6E-7E48B141DF42}.Debug|Any CPU.ActiveCfg = Debug|Any CPU
		{6FE9D559-8323-4639-9C6E-7E48B141DF42}.Debug|Any CPU.Build.0 = Debug|Any CPU
		{6FE9D559-8323-4639-9C6E-7E48B141DF42}.Release|Any CPU.ActiveCfg = Release|Any CPU
		{6FE9D559-8323-4639-9C6E-7E48B141DF42}.Release|Any CPU.Build.0 = Release|Any CPU
		{2E881887-4254-43C3-876A-1A27632F9019}.Debug|Any CPU.ActiveCfg = Debug|Any CPU
		{2E881887-4254-43C3-876A-1A27632F9019}.Debug|Any CPU.Build.0 = Debug|Any CPU
		{2E881887-4254-43C3-876A-1A27632F9019}.Release|Any CPU.ActiveCfg = Release|Any CPU
		{2E881887-4254-43C3-876A-1A27632F9019}.Release|Any CPU.Build.0 = Release|Any CPU
		{B8B12FC2-D715-49F5-B17A-7404A38D2041}.Debug|Any CPU.ActiveCfg = Debug|Any CPU
		{B8B12FC2-D715-49F5-B17A-7404A38D2041}.Debug|Any CPU.Build.0 = Debug|Any CPU
		{B8B12FC2-D715-49F5-B17A-7404A38D2041}.Release|Any CPU.ActiveCfg = Release|Any CPU
		{B8B12FC2-D715-49F5-B17A-7404A38D2041}.Release|Any CPU.Build.0 = Release|Any CPU
		{4D4827EA-D628-466E-AE63-3DBFB1D6F4D5}.Debug|Any CPU.ActiveCfg = Debug|Any CPU
		{4D4827EA-D628-466E-AE63-3DBFB1D6F4D5}.Debug|Any CPU.Build.0 = Debug|Any CPU
		{4D4827EA-D628-466E-AE63-3DBFB1D6F4D5}.Release|Any CPU.ActiveCfg = Release|Any CPU
		{4D4827EA-D628-466E-AE63-3DBFB1D6F4D5}.Release|Any CPU.Build.0 = Release|Any CPU
		{C5757896-932A-4612-B736-31EA437F91C4}.Debug|Any CPU.ActiveCfg = Debug|Any CPU
		{C5757896-932A-4612-B736-31EA437F91C4}.Debug|Any CPU.Build.0 = Debug|Any CPU
		{C5757896-932A-4612-B736-31EA437F91C4}.Release|Any CPU.ActiveCfg = Release|Any CPU
		{C5757896-932A-4612-B736-31EA437F91C4}.Release|Any CPU.Build.0 = Release|Any CPU
		{9C89EE2F-4C43-4161-9C1F-8A901FC6494F}.Debug|Any CPU.ActiveCfg = Debug|Any CPU
		{9C89EE2F-4C43-4161-9C1F-8A901FC6494F}.Debug|Any CPU.Build.0 = Debug|Any CPU
		{9C89EE2F-4C43-4161-9C1F-8A901FC6494F}.Release|Any CPU.ActiveCfg = Release|Any CPU
		{9C89EE2F-4C43-4161-9C1F-8A901FC6494F}.Release|Any CPU.Build.0 = Release|Any CPU
		{90BED2C6-AF5C-480E-AC9C-7C45166628FC}.Debug|Any CPU.ActiveCfg = Debug|Any CPU
		{90BED2C6-AF5C-480E-AC9C-7C45166628FC}.Debug|Any CPU.Build.0 = Debug|Any CPU
		{90BED2C6-AF5C-480E-AC9C-7C45166628FC}.Release|Any CPU.ActiveCfg = Release|Any CPU
		{90BED2C6-AF5C-480E-AC9C-7C45166628FC}.Release|Any CPU.Build.0 = Release|Any CPU
	EndGlobalSection
	GlobalSection(SolutionProperties) = preSolution
		HideSolutionNode = FALSE
	EndGlobalSection
EndGlobal
