
Microsoft Visual Studio Solution File, Format Version 12.00
# Visual Studio 15
VisualStudioVersion = 15.0.27004.2009
MinimumVisualStudioVersion = 10.0.40219.1
Project("{9A19103F-16F7-4668-BE54-9A1E7A4F7556}") = "Workshop.App", "Workshop.App\Workshop.App.csproj", "{F6CA54F6-83CF-474A-916F-7B24B87596E3}"
EndProject
Project("{FAE04EC0-301F-11D3-BF4B-00C04F79EFBC}") = "Workshop.Models", "Workshop.Models\Workshop.Models.csproj", "{FDE281E5-8699-46FE-9B26-8CF8A98556C5}"
EndProject
Project("{FAE04EC0-301F-11D3-BF4B-00C04F79EFBC}") = "Workshop.Data", "Workshop.Data\Workshop.Data.csproj", "{4D2266CB-95B1-4079-A41A-BC67C47C7818}"
EndProject
Global
	GlobalSection(SolutionConfigurationPlatforms) = preSolution
		Debug|Any CPU = Debug|Any CPU
		Release|Any CPU = Release|Any CPU
	EndGlobalSection
	GlobalSection(ProjectConfigurationPlatforms) = postSolution
		{F6CA54F6-83CF-474A-916F-7B24B87596E3}.Debug|Any CPU.ActiveCfg = Debug|Any CPU
		{F6CA54F6-83CF-474A-916F-7B24B87596E3}.Debug|Any CPU.Build.0 = Debug|Any CPU
		{F6CA54F6-83CF-474A-916F-7B24B87596E3}.Release|Any CPU.ActiveCfg = Release|Any CPU
		{F6CA54F6-83CF-474A-916F-7B24B87596E3}.Release|Any CPU.Build.0 = Release|Any CPU
		{FDE281E5-8699-46FE-9B26-8CF8A98556C5}.Debug|Any CPU.ActiveCfg = Debug|Any CPU
		{FDE281E5-8699-46FE-9B26-8CF8A98556C5}.Debug|Any CPU.Build.0 = Debug|Any CPU
		{FDE281E5-8699-46FE-9B26-8CF8A98556C5}.Release|Any CPU.ActiveCfg = Release|Any CPU
		{FDE281E5-8699-46FE-9B26-8CF8A98556C5}.Release|Any CPU.Build.0 = Release|Any CPU
		{4D2266CB-95B1-4079-A41A-BC67C47C7818}.Debug|Any CPU.ActiveCfg = Debug|Any CPU
		{4D2266CB-95B1-4079-A41A-BC67C47C7818}.Debug|Any CPU.Build.0 = Debug|Any CPU
		{4D2266CB-95B1-4079-A41A-BC67C47C7818}.Release|Any CPU.ActiveCfg = Release|Any CPU
		{4D2266CB-95B1-4079-A41A-BC67C47C7818}.Release|Any CPU.Build.0 = Release|Any CPU
	EndGlobalSection
	GlobalSection(SolutionProperties) = preSolution
		HideSolutionNode = FALSE
	EndGlobalSection
	GlobalSection(ExtensibilityGlobals) = postSolution
		SolutionGuid = {8BF887D2-931C-470E-8C6E-696AE46240EB}
	EndGlobalSection
EndGlobal
