
Microsoft Visual Studio Solution File, Format Version 12.00
# Visual Studio 14
VisualStudioVersion = 14.0.25420.1
MinimumVisualStudioVersion = 10.0.40219.1
Project("{FAE04EC0-301F-11D3-BF4B-00C04F79EFBC}") = "Instruction_Set", "Instruction_Set\Instruction_Set.csproj", "{7EBB8E66-D7F4-468D-913B-C7980F1E475B}"
EndProject
Project("{FAE04EC0-301F-11D3-BF4B-00C04F79EFBC}") = "Be_Positive", "Be_Positive\Be_Positive.csproj", "{CBE10CA5-DBB9-44F4-BD75-BCE64391B827}"
EndProject
Project("{FAE04EC0-301F-11D3-BF4B-00C04F79EFBC}") = "Sequence_of_Commands", "Sequence_of_Commands\Sequence_of_Commands.csproj", "{CD272A8A-1521-404A-B721-B91D1B2DA25F}"
EndProject
Project("{FAE04EC0-301F-11D3-BF4B-00C04F79EFBC}") = "Substring", "Substring\Substring.csproj", "{B7942FE8-A7E5-4E1F-AB0D-AE0C8BED5EC3}"
EndProject
Global
	GlobalSection(SolutionConfigurationPlatforms) = preSolution
		Debug|Any CPU = Debug|Any CPU
		Release|Any CPU = Release|Any CPU
	EndGlobalSection
	GlobalSection(ProjectConfigurationPlatforms) = postSolution
		{7EBB8E66-D7F4-468D-913B-C7980F1E475B}.Debug|Any CPU.ActiveCfg = Debug|Any CPU
		{7EBB8E66-D7F4-468D-913B-C7980F1E475B}.Debug|Any CPU.Build.0 = Debug|Any CPU
		{7EBB8E66-D7F4-468D-913B-C7980F1E475B}.Release|Any CPU.ActiveCfg = Release|Any CPU
		{7EBB8E66-D7F4-468D-913B-C7980F1E475B}.Release|Any CPU.Build.0 = Release|Any CPU
		{CBE10CA5-DBB9-44F4-BD75-BCE64391B827}.Debug|Any CPU.ActiveCfg = Debug|Any CPU
		{CBE10CA5-DBB9-44F4-BD75-BCE64391B827}.Debug|Any CPU.Build.0 = Debug|Any CPU
		{CBE10CA5-DBB9-44F4-BD75-BCE64391B827}.Release|Any CPU.ActiveCfg = Release|Any CPU
		{CBE10CA5-DBB9-44F4-BD75-BCE64391B827}.Release|Any CPU.Build.0 = Release|Any CPU
		{CD272A8A-1521-404A-B721-B91D1B2DA25F}.Debug|Any CPU.ActiveCfg = Debug|Any CPU
		{CD272A8A-1521-404A-B721-B91D1B2DA25F}.Debug|Any CPU.Build.0 = Debug|Any CPU
		{CD272A8A-1521-404A-B721-B91D1B2DA25F}.Release|Any CPU.ActiveCfg = Release|Any CPU
		{CD272A8A-1521-404A-B721-B91D1B2DA25F}.Release|Any CPU.Build.0 = Release|Any CPU
		{B7942FE8-A7E5-4E1F-AB0D-AE0C8BED5EC3}.Debug|Any CPU.ActiveCfg = Debug|Any CPU
		{B7942FE8-A7E5-4E1F-AB0D-AE0C8BED5EC3}.Debug|Any CPU.Build.0 = Debug|Any CPU
		{B7942FE8-A7E5-4E1F-AB0D-AE0C8BED5EC3}.Release|Any CPU.ActiveCfg = Release|Any CPU
		{B7942FE8-A7E5-4E1F-AB0D-AE0C8BED5EC3}.Release|Any CPU.Build.0 = Release|Any CPU
	EndGlobalSection
	GlobalSection(SolutionProperties) = preSolution
		HideSolutionNode = FALSE
	EndGlobalSection
EndGlobal
