
Microsoft Visual Studio Solution File, Format Version 12.00
# Visual Studio 15
VisualStudioVersion = 15.0.27703.2035
MinimumVisualStudioVersion = 10.0.40219.1
Project("{FAE04EC0-301F-11D3-BF4B-00C04F79EFBC}") = "App", "App\App.csproj", "{F8B28EE7-B6D0-4735-A97C-7AC5F25201C5}"
EndProject
Project("{FAE04EC0-301F-11D3-BF4B-00C04F79EFBC}") = "Data", "Data\Data.csproj", "{66C05FB7-2CCC-4412-BB6D-9D4244F611FC}"
EndProject
Project("{FAE04EC0-301F-11D3-BF4B-00C04F79EFBC}") = "Models", "Models\Models.csproj", "{3445B58F-B752-4D4C-BFFC-C8BB4CBEFB4A}"
EndProject
Global
	GlobalSection(SolutionConfigurationPlatforms) = preSolution
		Debug|Any CPU = Debug|Any CPU
		Release|Any CPU = Release|Any CPU
	EndGlobalSection
	GlobalSection(ProjectConfigurationPlatforms) = postSolution
		{F8B28EE7-B6D0-4735-A97C-7AC5F25201C5}.Debug|Any CPU.ActiveCfg = Debug|Any CPU
		{F8B28EE7-B6D0-4735-A97C-7AC5F25201C5}.Debug|Any CPU.Build.0 = Debug|Any CPU
		{F8B28EE7-B6D0-4735-A97C-7AC5F25201C5}.Release|Any CPU.ActiveCfg = Release|Any CPU
		{F8B28EE7-B6D0-4735-A97C-7AC5F25201C5}.Release|Any CPU.Build.0 = Release|Any CPU
		{66C05FB7-2CCC-4412-BB6D-9D4244F611FC}.Debug|Any CPU.ActiveCfg = Debug|Any CPU
		{66C05FB7-2CCC-4412-BB6D-9D4244F611FC}.Debug|Any CPU.Build.0 = Debug|Any CPU
		{66C05FB7-2CCC-4412-BB6D-9D4244F611FC}.Release|Any CPU.ActiveCfg = Release|Any CPU
		{66C05FB7-2CCC-4412-BB6D-9D4244F611FC}.Release|Any CPU.Build.0 = Release|Any CPU
		{3445B58F-B752-4D4C-BFFC-C8BB4CBEFB4A}.Debug|Any CPU.ActiveCfg = Debug|Any CPU
		{3445B58F-B752-4D4C-BFFC-C8BB4CBEFB4A}.Debug|Any CPU.Build.0 = Debug|Any CPU
		{3445B58F-B752-4D4C-BFFC-C8BB4CBEFB4A}.Release|Any CPU.ActiveCfg = Release|Any CPU
		{3445B58F-B752-4D4C-BFFC-C8BB4CBEFB4A}.Release|Any CPU.Build.0 = Release|Any CPU
	EndGlobalSection
	GlobalSection(SolutionProperties) = preSolution
		HideSolutionNode = FALSE
	EndGlobalSection
	GlobalSection(ExtensibilityGlobals) = postSolution
		SolutionGuid = {2CCE0085-3CD8-4169-9E0B-D54AC73AEA10}
	EndGlobalSection
EndGlobal
