
Microsoft Visual Studio Solution File, Format Version 12.00
# Visual Studio 14
VisualStudioVersion = 14.0.25420.1
MinimumVisualStudioVersion = 10.0.40219.1
Project("{FAE04EC0-301F-11D3-BF4B-00C04F79EFBC}") = "Holidays_between_Two_Dates", "Holidays_between_Two_Dates\Holidays_between_Two_Dates.csproj", "{E83D35F5-9E12-4FBE-886C-1431E3E4FA1C}"
EndProject
Project("{FAE04EC0-301F-11D3-BF4B-00C04F79EFBC}") = "Double_Palindromes", "Double_Palindromes\Double_Palindromes.csproj", "{D453A773-B087-4F6E-9C5E-4B223C11DF4D}"
EndProject
Global
	GlobalSection(SolutionConfigurationPlatforms) = preSolution
		Debug|Any CPU = Debug|Any CPU
		Release|Any CPU = Release|Any CPU
	EndGlobalSection
	GlobalSection(ProjectConfigurationPlatforms) = postSolution
		{E83D35F5-9E12-4FBE-886C-1431E3E4FA1C}.Debug|Any CPU.ActiveCfg = Debug|Any CPU
		{E83D35F5-9E12-4FBE-886C-1431E3E4FA1C}.Debug|Any CPU.Build.0 = Debug|Any CPU
		{E83D35F5-9E12-4FBE-886C-1431E3E4FA1C}.Release|Any CPU.ActiveCfg = Release|Any CPU
		{E83D35F5-9E12-4FBE-886C-1431E3E4FA1C}.Release|Any CPU.Build.0 = Release|Any CPU
		{D453A773-B087-4F6E-9C5E-4B223C11DF4D}.Debug|Any CPU.ActiveCfg = Debug|Any CPU
		{D453A773-B087-4F6E-9C5E-4B223C11DF4D}.Debug|Any CPU.Build.0 = Debug|Any CPU
		{D453A773-B087-4F6E-9C5E-4B223C11DF4D}.Release|Any CPU.ActiveCfg = Release|Any CPU
		{D453A773-B087-4F6E-9C5E-4B223C11DF4D}.Release|Any CPU.Build.0 = Release|Any CPU
	EndGlobalSection
	GlobalSection(SolutionProperties) = preSolution
		HideSolutionNode = FALSE
	EndGlobalSection
EndGlobal
