
Microsoft Visual Studio Solution File, Format Version 12.00
# Visual Studio 15
VisualStudioVersion = 15.0.26430.15
MinimumVisualStudioVersion = 10.0.40219.1
Project("{FAE04EC0-301F-11D3-BF4B-00C04F79EFBC}") = "_Person", "_Person\_Person.csproj", "{06189C90-4C12-41CE-8A4F-9B07F6593DBB}"
EndProject
Project("{FAE04EC0-301F-11D3-BF4B-00C04F79EFBC}") = "BookShop", "BookShop\BookShop.csproj", "{F9E29949-B241-40A7-8C99-A883E1F3CFBE}"
EndProject
Project("{FAE04EC0-301F-11D3-BF4B-00C04F79EFBC}") = "Mankind", "Mankind\Mankind.csproj", "{0DE765C6-0E0D-405A-BD9F-AF8D4CE23C0C}"
EndProject
Project("{FAE04EC0-301F-11D3-BF4B-00C04F79EFBC}") = "OnlineRadioDatabase", "OnlineRadioDatabase\OnlineRadioDatabase.csproj", "{BC5653AE-122C-42B0-A7CC-DD45425934D9}"
EndProject
Project("{FAE04EC0-301F-11D3-BF4B-00C04F79EFBC}") = "MordorsCrueltyPlan", "MordorsCrueltyPlan\MordorsCrueltyPlan.csproj", "{3AA3A2E9-72DA-47F2-9574-68C3E8366C36}"
EndProject
Project("{FAE04EC0-301F-11D3-BF4B-00C04F79EFBC}") = "Animals", "Animals\Animals.csproj", "{536FC802-9E58-4012-B4DB-FC15AE891DAB}"
EndProject
Global
	GlobalSection(SolutionConfigurationPlatforms) = preSolution
		Debug|Any CPU = Debug|Any CPU
		Release|Any CPU = Release|Any CPU
	EndGlobalSection
	GlobalSection(ProjectConfigurationPlatforms) = postSolution
		{06189C90-4C12-41CE-8A4F-9B07F6593DBB}.Debug|Any CPU.ActiveCfg = Debug|Any CPU
		{06189C90-4C12-41CE-8A4F-9B07F6593DBB}.Debug|Any CPU.Build.0 = Debug|Any CPU
		{06189C90-4C12-41CE-8A4F-9B07F6593DBB}.Release|Any CPU.ActiveCfg = Release|Any CPU
		{06189C90-4C12-41CE-8A4F-9B07F6593DBB}.Release|Any CPU.Build.0 = Release|Any CPU
		{F9E29949-B241-40A7-8C99-A883E1F3CFBE}.Debug|Any CPU.ActiveCfg = Debug|Any CPU
		{F9E29949-B241-40A7-8C99-A883E1F3CFBE}.Debug|Any CPU.Build.0 = Debug|Any CPU
		{F9E29949-B241-40A7-8C99-A883E1F3CFBE}.Release|Any CPU.ActiveCfg = Release|Any CPU
		{F9E29949-B241-40A7-8C99-A883E1F3CFBE}.Release|Any CPU.Build.0 = Release|Any CPU
		{0DE765C6-0E0D-405A-BD9F-AF8D4CE23C0C}.Debug|Any CPU.ActiveCfg = Debug|Any CPU
		{0DE765C6-0E0D-405A-BD9F-AF8D4CE23C0C}.Debug|Any CPU.Build.0 = Debug|Any CPU
		{0DE765C6-0E0D-405A-BD9F-AF8D4CE23C0C}.Release|Any CPU.ActiveCfg = Release|Any CPU
		{0DE765C6-0E0D-405A-BD9F-AF8D4CE23C0C}.Release|Any CPU.Build.0 = Release|Any CPU
		{BC5653AE-122C-42B0-A7CC-DD45425934D9}.Debug|Any CPU.ActiveCfg = Debug|Any CPU
		{BC5653AE-122C-42B0-A7CC-DD45425934D9}.Debug|Any CPU.Build.0 = Debug|Any CPU
		{BC5653AE-122C-42B0-A7CC-DD45425934D9}.Release|Any CPU.ActiveCfg = Release|Any CPU
		{BC5653AE-122C-42B0-A7CC-DD45425934D9}.Release|Any CPU.Build.0 = Release|Any CPU
		{3AA3A2E9-72DA-47F2-9574-68C3E8366C36}.Debug|Any CPU.ActiveCfg = Debug|Any CPU
		{3AA3A2E9-72DA-47F2-9574-68C3E8366C36}.Debug|Any CPU.Build.0 = Debug|Any CPU
		{3AA3A2E9-72DA-47F2-9574-68C3E8366C36}.Release|Any CPU.ActiveCfg = Release|Any CPU
		{3AA3A2E9-72DA-47F2-9574-68C3E8366C36}.Release|Any CPU.Build.0 = Release|Any CPU
		{536FC802-9E58-4012-B4DB-FC15AE891DAB}.Debug|Any CPU.ActiveCfg = Debug|Any CPU
		{536FC802-9E58-4012-B4DB-FC15AE891DAB}.Debug|Any CPU.Build.0 = Debug|Any CPU
		{536FC802-9E58-4012-B4DB-FC15AE891DAB}.Release|Any CPU.ActiveCfg = Release|Any CPU
		{536FC802-9E58-4012-B4DB-FC15AE891DAB}.Release|Any CPU.Build.0 = Release|Any CPU
	EndGlobalSection
	GlobalSection(SolutionProperties) = preSolution
		HideSolutionNode = FALSE
	EndGlobalSection
EndGlobal
