
Microsoft Visual Studio Solution File, Format Version 12.00
# Visual Studio 15
VisualStudioVersion = 15.0.27703.2042
MinimumVisualStudioVersion = 10.0.40219.1
Project("{9A19103F-16F7-4668-BE54-9A1E7A4F7556}") = "Data", "Data\Data.csproj", "{5F1B08F1-C3CB-4521-AC7A-3D25FE48168A}"
EndProject
Project("{9A19103F-16F7-4668-BE54-9A1E7A4F7556}") = "Models", "Models\Models.csproj", "{CC688AB3-66E9-4EA8-A658-5A31A9E82D5E}"
EndProject
Project("{9A19103F-16F7-4668-BE54-9A1E7A4F7556}") = "App", "App\App.csproj", "{CF4CBB75-8F25-4A9B-8657-FC29D552AE8D}"
EndProject
Global
	GlobalSection(SolutionConfigurationPlatforms) = preSolution
		Debug|Any CPU = Debug|Any CPU
		Release|Any CPU = Release|Any CPU
	EndGlobalSection
	GlobalSection(ProjectConfigurationPlatforms) = postSolution
		{5F1B08F1-C3CB-4521-AC7A-3D25FE48168A}.Debug|Any CPU.ActiveCfg = Debug|Any CPU
		{5F1B08F1-C3CB-4521-AC7A-3D25FE48168A}.Debug|Any CPU.Build.0 = Debug|Any CPU
		{5F1B08F1-C3CB-4521-AC7A-3D25FE48168A}.Release|Any CPU.ActiveCfg = Release|Any CPU
		{5F1B08F1-C3CB-4521-AC7A-3D25FE48168A}.Release|Any CPU.Build.0 = Release|Any CPU
		{CC688AB3-66E9-4EA8-A658-5A31A9E82D5E}.Debug|Any CPU.ActiveCfg = Debug|Any CPU
		{CC688AB3-66E9-4EA8-A658-5A31A9E82D5E}.Debug|Any CPU.Build.0 = Debug|Any CPU
		{CC688AB3-66E9-4EA8-A658-5A31A9E82D5E}.Release|Any CPU.ActiveCfg = Release|Any CPU
		{CC688AB3-66E9-4EA8-A658-5A31A9E82D5E}.Release|Any CPU.Build.0 = Release|Any CPU
		{CF4CBB75-8F25-4A9B-8657-FC29D552AE8D}.Debug|Any CPU.ActiveCfg = Debug|Any CPU
		{CF4CBB75-8F25-4A9B-8657-FC29D552AE8D}.Debug|Any CPU.Build.0 = Debug|Any CPU
		{CF4CBB75-8F25-4A9B-8657-FC29D552AE8D}.Release|Any CPU.ActiveCfg = Release|Any CPU
		{CF4CBB75-8F25-4A9B-8657-FC29D552AE8D}.Release|Any CPU.Build.0 = Release|Any CPU
	EndGlobalSection
	GlobalSection(SolutionProperties) = preSolution
		HideSolutionNode = FALSE
	EndGlobalSection
	GlobalSection(ExtensibilityGlobals) = postSolution
		SolutionGuid = {85B250E7-DD0A-4F8F-8B04-C65037117FC8}
	EndGlobalSection
EndGlobal
