
Microsoft Visual Studio Solution File, Format Version 12.00
# Visual Studio 15
VisualStudioVersion = 15.0.27004.2009
MinimumVisualStudioVersion = 10.0.40219.1
Project("{9A19103F-16F7-4668-BE54-9A1E7A4F7556}") = "P01_HospitalDatabase", "P01_HospitalDatabase\P01_HospitalDatabase.csproj", "{80E509F3-E5F9-473C-88BC-593D743303ED}"
EndProject
Project("{FAE04EC0-301F-11D3-BF4B-00C04F79EFBC}") = "P03_SalesDatabase", "P03_SalesDatabase\P03_SalesDatabase.csproj", "{FC6F4156-6609-454F-AB26-DFFB503A7032}"
EndProject
Global
	GlobalSection(SolutionConfigurationPlatforms) = preSolution
		Debug|Any CPU = Debug|Any CPU
		Release|Any CPU = Release|Any CPU
	EndGlobalSection
	GlobalSection(ProjectConfigurationPlatforms) = postSolution
		{80E509F3-E5F9-473C-88BC-593D743303ED}.Debug|Any CPU.ActiveCfg = Debug|Any CPU
		{80E509F3-E5F9-473C-88BC-593D743303ED}.Debug|Any CPU.Build.0 = Debug|Any CPU
		{80E509F3-E5F9-473C-88BC-593D743303ED}.Release|Any CPU.ActiveCfg = Release|Any CPU
		{80E509F3-E5F9-473C-88BC-593D743303ED}.Release|Any CPU.Build.0 = Release|Any CPU
		{FC6F4156-6609-454F-AB26-DFFB503A7032}.Debug|Any CPU.ActiveCfg = Debug|Any CPU
		{FC6F4156-6609-454F-AB26-DFFB503A7032}.Debug|Any CPU.Build.0 = Debug|Any CPU
		{FC6F4156-6609-454F-AB26-DFFB503A7032}.Release|Any CPU.ActiveCfg = Release|Any CPU
		{FC6F4156-6609-454F-AB26-DFFB503A7032}.Release|Any CPU.Build.0 = Release|Any CPU
	EndGlobalSection
	GlobalSection(SolutionProperties) = preSolution
		HideSolutionNode = FALSE
	EndGlobalSection
	GlobalSection(ExtensibilityGlobals) = postSolution
		SolutionGuid = {9663B2B1-6D8F-434D-8ABE-36256B902E11}
	EndGlobalSection
EndGlobal
