
Microsoft Visual Studio Solution File, Format Version 12.00
# Visual Studio 14
VisualStudioVersion = 14.0.25420.1
MinimumVisualStudioVersion = 10.0.40219.1
Project("{FAE04EC0-301F-11D3-BF4B-00C04F79EFBC}") = "Sweet_Dessert", "Sweet_Dessert\Sweet_Dessert.csproj", "{C204AC22-1712-4193-BEC6-42AD418059B2}"
EndProject
Project("{FAE04EC0-301F-11D3-BF4B-00C04F79EFBC}") = "Array_Manipulator", "Array_Manipulator\Array_Manipulator.csproj", "{4FA96CBC-0DBE-4CD4-9BB8-49CAF090C598}"
EndProject
Project("{FAE04EC0-301F-11D3-BF4B-00C04F79EFBC}") = "Football_League", "Football_League\Football_League.csproj", "{8FBF2AE7-232D-404A-A481-306C1EEAA6C2}"
EndProject
Project("{FAE04EC0-301F-11D3-BF4B-00C04F79EFBC}") = "Cubic_Messages", "Cubic_Messages\Cubic_Messages.csproj", "{100E0C48-00EC-40C1-A45D-C7A393EEAE14}"
EndProject
Global
	GlobalSection(SolutionConfigurationPlatforms) = preSolution
		Debug|Any CPU = Debug|Any CPU
		Release|Any CPU = Release|Any CPU
	EndGlobalSection
	GlobalSection(ProjectConfigurationPlatforms) = postSolution
		{C204AC22-1712-4193-BEC6-42AD418059B2}.Debug|Any CPU.ActiveCfg = Debug|Any CPU
		{C204AC22-1712-4193-BEC6-42AD418059B2}.Debug|Any CPU.Build.0 = Debug|Any CPU
		{C204AC22-1712-4193-BEC6-42AD418059B2}.Release|Any CPU.ActiveCfg = Release|Any CPU
		{C204AC22-1712-4193-BEC6-42AD418059B2}.Release|Any CPU.Build.0 = Release|Any CPU
		{4FA96CBC-0DBE-4CD4-9BB8-49CAF090C598}.Debug|Any CPU.ActiveCfg = Debug|Any CPU
		{4FA96CBC-0DBE-4CD4-9BB8-49CAF090C598}.Debug|Any CPU.Build.0 = Debug|Any CPU
		{4FA96CBC-0DBE-4CD4-9BB8-49CAF090C598}.Release|Any CPU.ActiveCfg = Release|Any CPU
		{4FA96CBC-0DBE-4CD4-9BB8-49CAF090C598}.Release|Any CPU.Build.0 = Release|Any CPU
		{8FBF2AE7-232D-404A-A481-306C1EEAA6C2}.Debug|Any CPU.ActiveCfg = Debug|Any CPU
		{8FBF2AE7-232D-404A-A481-306C1EEAA6C2}.Debug|Any CPU.Build.0 = Debug|Any CPU
		{8FBF2AE7-232D-404A-A481-306C1EEAA6C2}.Release|Any CPU.ActiveCfg = Release|Any CPU
		{8FBF2AE7-232D-404A-A481-306C1EEAA6C2}.Release|Any CPU.Build.0 = Release|Any CPU
		{100E0C48-00EC-40C1-A45D-C7A393EEAE14}.Debug|Any CPU.ActiveCfg = Debug|Any CPU
		{100E0C48-00EC-40C1-A45D-C7A393EEAE14}.Debug|Any CPU.Build.0 = Debug|Any CPU
		{100E0C48-00EC-40C1-A45D-C7A393EEAE14}.Release|Any CPU.ActiveCfg = Release|Any CPU
		{100E0C48-00EC-40C1-A45D-C7A393EEAE14}.Release|Any CPU.Build.0 = Release|Any CPU
	EndGlobalSection
	GlobalSection(SolutionProperties) = preSolution
		HideSolutionNode = FALSE
	EndGlobalSection
EndGlobal
