
Microsoft Visual Studio Solution File, Format Version 12.00
# Visual Studio 14
VisualStudioVersion = 14.0.25420.1
MinimumVisualStudioVersion = 10.0.40219.1
Project("{FAE04EC0-301F-11D3-BF4B-00C04F79EFBC}") = "Extract_Emails", "Extract_Emails\Extract_Emails.csproj", "{6294256C-36EA-42EF-BF2A-CF6F85C944DF}"
EndProject
Project("{FAE04EC0-301F-11D3-BF4B-00C04F79EFBC}") = "Extract_sentences_by_keyword", "Extract_sentences_by_keyword\Extract_sentences_by_keyword.csproj", "{CABC6955-C5B3-4A11-8014-976FE1FA79A7}"
EndProject
Global
	GlobalSection(SolutionConfigurationPlatforms) = preSolution
		Debug|Any CPU = Debug|Any CPU
		Release|Any CPU = Release|Any CPU
	EndGlobalSection
	GlobalSection(ProjectConfigurationPlatforms) = postSolution
		{6294256C-36EA-42EF-BF2A-CF6F85C944DF}.Debug|Any CPU.ActiveCfg = Debug|Any CPU
		{6294256C-36EA-42EF-BF2A-CF6F85C944DF}.Debug|Any CPU.Build.0 = Debug|Any CPU
		{6294256C-36EA-42EF-BF2A-CF6F85C944DF}.Release|Any CPU.ActiveCfg = Release|Any CPU
		{6294256C-36EA-42EF-BF2A-CF6F85C944DF}.Release|Any CPU.Build.0 = Release|Any CPU
		{CABC6955-C5B3-4A11-8014-976FE1FA79A7}.Debug|Any CPU.ActiveCfg = Debug|Any CPU
		{CABC6955-C5B3-4A11-8014-976FE1FA79A7}.Debug|Any CPU.Build.0 = Debug|Any CPU
		{CABC6955-C5B3-4A11-8014-976FE1FA79A7}.Release|Any CPU.ActiveCfg = Release|Any CPU
		{CABC6955-C5B3-4A11-8014-976FE1FA79A7}.Release|Any CPU.Build.0 = Release|Any CPU
	EndGlobalSection
	GlobalSection(SolutionProperties) = preSolution
		HideSolutionNode = FALSE
	EndGlobalSection
EndGlobal
