
Microsoft Visual Studio Solution File, Format Version 12.00
# Visual Studio 15
VisualStudioVersion = 15.0.27703.2000
MinimumVisualStudioVersion = 10.0.40219.1
Project("{FAE04EC0-301F-11D3-BF4B-00C04F79EFBC}") = "URLDecode", "URLDecode\URLDecode.csproj", "{1A560A19-C984-46F8-94BF-4BFAAF938791}"
EndProject
Project("{FAE04EC0-301F-11D3-BF4B-00C04F79EFBC}") = "ValidateURL", "ValidateURL\ValidateURL.csproj", "{C32146C2-B6BE-4AAE-93B8-36A6D30C9C05}"
EndProject
Project("{FAE04EC0-301F-11D3-BF4B-00C04F79EFBC}") = "RequestParser", "RequestParser\RequestParser.csproj", "{02FF55FF-6476-4DAD-B368-5C998005F2AE}"
EndProject
Global
	GlobalSection(SolutionConfigurationPlatforms) = preSolution
		Debug|Any CPU = Debug|Any CPU
		Release|Any CPU = Release|Any CPU
	EndGlobalSection
	GlobalSection(ProjectConfigurationPlatforms) = postSolution
		{1A560A19-C984-46F8-94BF-4BFAAF938791}.Debug|Any CPU.ActiveCfg = Debug|Any CPU
		{1A560A19-C984-46F8-94BF-4BFAAF938791}.Debug|Any CPU.Build.0 = Debug|Any CPU
		{1A560A19-C984-46F8-94BF-4BFAAF938791}.Release|Any CPU.ActiveCfg = Release|Any CPU
		{1A560A19-C984-46F8-94BF-4BFAAF938791}.Release|Any CPU.Build.0 = Release|Any CPU
		{C32146C2-B6BE-4AAE-93B8-36A6D30C9C05}.Debug|Any CPU.ActiveCfg = Debug|Any CPU
		{C32146C2-B6BE-4AAE-93B8-36A6D30C9C05}.Debug|Any CPU.Build.0 = Debug|Any CPU
		{C32146C2-B6BE-4AAE-93B8-36A6D30C9C05}.Release|Any CPU.ActiveCfg = Release|Any CPU
		{C32146C2-B6BE-4AAE-93B8-36A6D30C9C05}.Release|Any CPU.Build.0 = Release|Any CPU
		{02FF55FF-6476-4DAD-B368-5C998005F2AE}.Debug|Any CPU.ActiveCfg = Debug|Any CPU
		{02FF55FF-6476-4DAD-B368-5C998005F2AE}.Debug|Any CPU.Build.0 = Debug|Any CPU
		{02FF55FF-6476-4DAD-B368-5C998005F2AE}.Release|Any CPU.ActiveCfg = Release|Any CPU
		{02FF55FF-6476-4DAD-B368-5C998005F2AE}.Release|Any CPU.Build.0 = Release|Any CPU
	EndGlobalSection
	GlobalSection(SolutionProperties) = preSolution
		HideSolutionNode = FALSE
	EndGlobalSection
	GlobalSection(ExtensibilityGlobals) = postSolution
		SolutionGuid = {FEC4C38D-3B4D-47E7-B83E-182A839FB8DB}
	EndGlobalSection
EndGlobal
