
Microsoft Visual Studio Solution File, Format Version 12.00
# Visual Studio 15
VisualStudioVersion = 15.0.27703.2000
MinimumVisualStudioVersion = 10.0.40219.1
Project("{9A19103F-16F7-4668-BE54-9A1E7A4F7556}") = "SimpleWebServer", "SimpleWebServer\SimpleWebServer.csproj", "{C59268DE-4733-4158-9996-36F61F6954E7}"
EndProject
Project("{9A19103F-16F7-4668-BE54-9A1E7A4F7556}") = "SliceFile", "SliceFile\SliceFile.csproj", "{2A6FD5D2-1D56-4F14-AF7F-A40DA95D8A30}"
EndProject
Global
	GlobalSection(SolutionConfigurationPlatforms) = preSolution
		Debug|Any CPU = Debug|Any CPU
		Release|Any CPU = Release|Any CPU
	EndGlobalSection
	GlobalSection(ProjectConfigurationPlatforms) = postSolution
		{C59268DE-4733-4158-9996-36F61F6954E7}.Debug|Any CPU.ActiveCfg = Debug|Any CPU
		{C59268DE-4733-4158-9996-36F61F6954E7}.Debug|Any CPU.Build.0 = Debug|Any CPU
		{C59268DE-4733-4158-9996-36F61F6954E7}.Release|Any CPU.ActiveCfg = Release|Any CPU
		{C59268DE-4733-4158-9996-36F61F6954E7}.Release|Any CPU.Build.0 = Release|Any CPU
		{2A6FD5D2-1D56-4F14-AF7F-A40DA95D8A30}.Debug|Any CPU.ActiveCfg = Debug|Any CPU
		{2A6FD5D2-1D56-4F14-AF7F-A40DA95D8A30}.Debug|Any CPU.Build.0 = Debug|Any CPU
		{2A6FD5D2-1D56-4F14-AF7F-A40DA95D8A30}.Release|Any CPU.ActiveCfg = Release|Any CPU
		{2A6FD5D2-1D56-4F14-AF7F-A40DA95D8A30}.Release|Any CPU.Build.0 = Release|Any CPU
	EndGlobalSection
	GlobalSection(SolutionProperties) = preSolution
		HideSolutionNode = FALSE
	EndGlobalSection
	GlobalSection(ExtensibilityGlobals) = postSolution
		SolutionGuid = {2BA4CF8C-C21F-496F-A3B4-A7E7231D1A13}
	EndGlobalSection
EndGlobal
