
Microsoft Visual Studio Solution File, Format Version 12.00
# Visual Studio 15
VisualStudioVersion = 15.0.26430.12
MinimumVisualStudioVersion = 10.0.40219.1
Project("{FAE04EC0-301F-11D3-BF4B-00C04F79EFBC}") = "MatchFullName", "MatchFullName\MatchFullName.csproj", "{312DC837-F4C4-4DB5-A0F8-FDB14A0D4598}"
EndProject
Project("{FAE04EC0-301F-11D3-BF4B-00C04F79EFBC}") = "MatchPhoneNumber", "MatchPhoneNumber\MatchPhoneNumber.csproj", "{7F82C2C9-009A-49DA-BFB9-726896089B55}"
EndProject
Project("{FAE04EC0-301F-11D3-BF4B-00C04F79EFBC}") = "SeriesOfLetters", "SeriesOfLetters\SeriesOfLetters.csproj", "{709851EF-6C24-4B64-AEF7-A8678355416B}"
EndProject
Project("{FAE04EC0-301F-11D3-BF4B-00C04F79EFBC}") = "ExtractEmail", "ExtractEmail\ExtractEmail.csproj", "{CEAF3612-D1B8-49E6-BD14-4C87F36EA9ED}"
EndProject
Project("{FAE04EC0-301F-11D3-BF4B-00C04F79EFBC}") = "ReplaceATag", "ReplaceATag\ReplaceATag.csproj", "{483ACF0C-3402-4578-88A4-DEB77B88D442}"
EndProject
Project("{FAE04EC0-301F-11D3-BF4B-00C04F79EFBC}") = "SentenceExtractor", "SentenceExtractor\SentenceExtractor.csproj", "{F49FA371-31D8-448B-8141-633C858F8BA2}"
EndProject
Project("{FAE04EC0-301F-11D3-BF4B-00C04F79EFBC}") = "ValidUsernames", "ValidUsernames\ValidUsernames.csproj", "{6E8C1CF0-1067-4A9C-9523-B6AFDA15C913}"
EndProject
Project("{FAE04EC0-301F-11D3-BF4B-00C04F79EFBC}") = "ExtractHyperlinks", "ExtractHyperlinks\ExtractHyperlinks.csproj", "{5ACE1CBA-574A-450C-807B-FF53BBF3D10B}"
EndProject
Project("{FAE04EC0-301F-11D3-BF4B-00C04F79EFBC}") = "QueryMess", "QueryMess\QueryMess.csproj", "{7D764C3B-5159-4E1A-886E-08E2150AB3CB}"
EndProject
Project("{FAE04EC0-301F-11D3-BF4B-00C04F79EFBC}") = "UseYourChainsBuddy", "UseYourChainsBuddy\UseYourChainsBuddy.csproj", "{53E96AF9-7D50-4EF7-B906-C89388B67B0D}"
EndProject
Project("{FAE04EC0-301F-11D3-BF4B-00C04F79EFBC}") = "SemanticHTML", "SemanticHTML\SemanticHTML.csproj", "{840339FF-DD5D-42BF-8BB9-13E229073007}"
EndProject
Global
	GlobalSection(SolutionConfigurationPlatforms) = preSolution
		Debug|Any CPU = Debug|Any CPU
		Release|Any CPU = Release|Any CPU
	EndGlobalSection
	GlobalSection(ProjectConfigurationPlatforms) = postSolution
		{312DC837-F4C4-4DB5-A0F8-FDB14A0D4598}.Debug|Any CPU.ActiveCfg = Debug|Any CPU
		{312DC837-F4C4-4DB5-A0F8-FDB14A0D4598}.Debug|Any CPU.Build.0 = Debug|Any CPU
		{312DC837-F4C4-4DB5-A0F8-FDB14A0D4598}.Release|Any CPU.ActiveCfg = Release|Any CPU
		{312DC837-F4C4-4DB5-A0F8-FDB14A0D4598}.Release|Any CPU.Build.0 = Release|Any CPU
		{7F82C2C9-009A-49DA-BFB9-726896089B55}.Debug|Any CPU.ActiveCfg = Debug|Any CPU
		{7F82C2C9-009A-49DA-BFB9-726896089B55}.Debug|Any CPU.Build.0 = Debug|Any CPU
		{7F82C2C9-009A-49DA-BFB9-726896089B55}.Release|Any CPU.ActiveCfg = Release|Any CPU
		{7F82C2C9-009A-49DA-BFB9-726896089B55}.Release|Any CPU.Build.0 = Release|Any CPU
		{709851EF-6C24-4B64-AEF7-A8678355416B}.Debug|Any CPU.ActiveCfg = Debug|Any CPU
		{709851EF-6C24-4B64-AEF7-A8678355416B}.Debug|Any CPU.Build.0 = Debug|Any CPU
		{709851EF-6C24-4B64-AEF7-A8678355416B}.Release|Any CPU.ActiveCfg = Release|Any CPU
		{709851EF-6C24-4B64-AEF7-A8678355416B}.Release|Any CPU.Build.0 = Release|Any CPU
		{CEAF3612-D1B8-49E6-BD14-4C87F36EA9ED}.Debug|Any CPU.ActiveCfg = Debug|Any CPU
		{CEAF3612-D1B8-49E6-BD14-4C87F36EA9ED}.Debug|Any CPU.Build.0 = Debug|Any CPU
		{CEAF3612-D1B8-49E6-BD14-4C87F36EA9ED}.Release|Any CPU.ActiveCfg = Release|Any CPU
		{CEAF3612-D1B8-49E6-BD14-4C87F36EA9ED}.Release|Any CPU.Build.0 = Release|Any CPU
		{483ACF0C-3402-4578-88A4-DEB77B88D442}.Debug|Any CPU.ActiveCfg = Debug|Any CPU
		{483ACF0C-3402-4578-88A4-DEB77B88D442}.Debug|Any CPU.Build.0 = Debug|Any CPU
		{483ACF0C-3402-4578-88A4-DEB77B88D442}.Release|Any CPU.ActiveCfg = Release|Any CPU
		{483ACF0C-3402-4578-88A4-DEB77B88D442}.Release|Any CPU.Build.0 = Release|Any CPU
		{F49FA371-31D8-448B-8141-633C858F8BA2}.Debug|Any CPU.ActiveCfg = Debug|Any CPU
		{F49FA371-31D8-448B-8141-633C858F8BA2}.Debug|Any CPU.Build.0 = Debug|Any CPU
		{F49FA371-31D8-448B-8141-633C858F8BA2}.Release|Any CPU.ActiveCfg = Release|Any CPU
		{F49FA371-31D8-448B-8141-633C858F8BA2}.Release|Any CPU.Build.0 = Release|Any CPU
		{6E8C1CF0-1067-4A9C-9523-B6AFDA15C913}.Debug|Any CPU.ActiveCfg = Debug|Any CPU
		{6E8C1CF0-1067-4A9C-9523-B6AFDA15C913}.Debug|Any CPU.Build.0 = Debug|Any CPU
		{6E8C1CF0-1067-4A9C-9523-B6AFDA15C913}.Release|Any CPU.ActiveCfg = Release|Any CPU
		{6E8C1CF0-1067-4A9C-9523-B6AFDA15C913}.Release|Any CPU.Build.0 = Release|Any CPU
		{5ACE1CBA-574A-450C-807B-FF53BBF3D10B}.Debug|Any CPU.ActiveCfg = Debug|Any CPU
		{5ACE1CBA-574A-450C-807B-FF53BBF3D10B}.Debug|Any CPU.Build.0 = Debug|Any CPU
		{5ACE1CBA-574A-450C-807B-FF53BBF3D10B}.Release|Any CPU.ActiveCfg = Release|Any CPU
		{5ACE1CBA-574A-450C-807B-FF53BBF3D10B}.Release|Any CPU.Build.0 = Release|Any CPU
		{7D764C3B-5159-4E1A-886E-08E2150AB3CB}.Debug|Any CPU.ActiveCfg = Debug|Any CPU
		{7D764C3B-5159-4E1A-886E-08E2150AB3CB}.Debug|Any CPU.Build.0 = Debug|Any CPU
		{7D764C3B-5159-4E1A-886E-08E2150AB3CB}.Release|Any CPU.ActiveCfg = Release|Any CPU
		{7D764C3B-5159-4E1A-886E-08E2150AB3CB}.Release|Any CPU.Build.0 = Release|Any CPU
		{53E96AF9-7D50-4EF7-B906-C89388B67B0D}.Debug|Any CPU.ActiveCfg = Debug|Any CPU
		{53E96AF9-7D50-4EF7-B906-C89388B67B0D}.Debug|Any CPU.Build.0 = Debug|Any CPU
		{53E96AF9-7D50-4EF7-B906-C89388B67B0D}.Release|Any CPU.ActiveCfg = Release|Any CPU
		{53E96AF9-7D50-4EF7-B906-C89388B67B0D}.Release|Any CPU.Build.0 = Release|Any CPU
		{840339FF-DD5D-42BF-8BB9-13E229073007}.Debug|Any CPU.ActiveCfg = Debug|Any CPU
		{840339FF-DD5D-42BF-8BB9-13E229073007}.Debug|Any CPU.Build.0 = Debug|Any CPU
		{840339FF-DD5D-42BF-8BB9-13E229073007}.Release|Any CPU.ActiveCfg = Release|Any CPU
		{840339FF-DD5D-42BF-8BB9-13E229073007}.Release|Any CPU.Build.0 = Release|Any CPU
	EndGlobalSection
	GlobalSection(SolutionProperties) = preSolution
		HideSolutionNode = FALSE
	EndGlobalSection
EndGlobal
